
Microsoft Visual Studio Solution File, Format Version 12.00
# Visual Studio Version 17
VisualStudioVersion = 17.8.34309.116
MinimumVisualStudioVersion = 10.0.40219.1
Project("{9A19103F-16F7-4668-BE54-9A1E7A4F7556}") = "ArithmeticLogicApp", "ArithmeticLogicApp.csproj", "{FC681C4D-C101-4F10-9ECC-40587024D77E}"
EndProject
Project("{9A19103F-16F7-4668-BE54-9A1E7A4F7556}") = "ArithmeticLogicInterfaceServices", "..\ArithmeticLogicInterfaceServices\ArithmeticLogicInterfaceServices.csproj", "{988DEE85-7BF1-4F2C-ACA5-93E4B85AA015}"
EndProject
Project("{9A19103F-16F7-4668-BE54-9A1E7A4F7556}") = "ArithmeticLogicImplementationServices", "..\ArithmeticLogicImplementationServices\ArithmeticLogicImplementationServices.csproj", "{4C6030B9-03D8-4641-A94A-C62A9BF13DF2}"
EndProject
Project("{2150E333-8FDC-42A3-9474-1A3956D46DE8}") = "Documents", "Documents", "{A144C584-851B-4338-805C-19D3ACF32E1A}"
EndProject
Global
	GlobalSection(SolutionConfigurationPlatforms) = preSolution
		Debug|Any CPU = Debug|Any CPU
		Release|Any CPU = Release|Any CPU
	EndGlobalSection
	GlobalSection(ProjectConfigurationPlatforms) = postSolution
		{FC681C4D-C101-4F10-9ECC-40587024D77E}.Debug|Any CPU.ActiveCfg = Debug|Any CPU
		{FC681C4D-C101-4F10-9ECC-40587024D77E}.Debug|Any CPU.Build.0 = Debug|Any CPU
		{FC681C4D-C101-4F10-9ECC-40587024D77E}.Release|Any CPU.ActiveCfg = Release|Any CPU
		{FC681C4D-C101-4F10-9ECC-40587024D77E}.Release|Any CPU.Build.0 = Release|Any CPU
		{988DEE85-7BF1-4F2C-ACA5-93E4B85AA015}.Debug|Any CPU.ActiveCfg = Debug|Any CPU
		{988DEE85-7BF1-4F2C-ACA5-93E4B85AA015}.Debug|Any CPU.Build.0 = Debug|Any CPU
		{988DEE85-7BF1-4F2C-ACA5-93E4B85AA015}.Release|Any CPU.ActiveCfg = Release|Any CPU
		{988DEE85-7BF1-4F2C-ACA5-93E4B85AA015}.Release|Any CPU.Build.0 = Release|Any CPU
		{4C6030B9-03D8-4641-A94A-C62A9BF13DF2}.Debug|Any CPU.ActiveCfg = Debug|Any CPU
		{4C6030B9-03D8-4641-A94A-C62A9BF13DF2}.Debug|Any CPU.Build.0 = Debug|Any CPU
		{4C6030B9-03D8-4641-A94A-C62A9BF13DF2}.Release|Any CPU.ActiveCfg = Release|Any CPU
		{4C6030B9-03D8-4641-A94A-C62A9BF13DF2}.Release|Any CPU.Build.0 = Release|Any CPU
	EndGlobalSection
	GlobalSection(SolutionProperties) = preSolution
		HideSolutionNode = FALSE
	EndGlobalSection
	GlobalSection(ExtensibilityGlobals) = postSolution
		SolutionGuid = {9C5B86DA-4213-479E-BA5E-604EE3FA07D4}
	EndGlobalSection
EndGlobal
